
Microsoft Visual Studio Solution File, Format Version 12.00
# Visual Studio Version 17
VisualStudioVersion = 17.9.34701.34
MinimumVisualStudioVersion = 10.0.40219.1
Project("{8BC9CEB8-8B4A-11D0-8D11-00A0C91BC942}") = "Lab2s_2", "Lab2s_2.vcxproj", "{71225D08-B56B-4EB2-9084-C96DD059A8E5}"
EndProject
Global
	GlobalSection(SolutionConfigurationPlatforms) = preSolution
		Debug|x64 = Debug|x64
		Debug|x86 = Debug|x86
		Release|x64 = Release|x64
		Release|x86 = Release|x86
	EndGlobalSection
	GlobalSection(ProjectConfigurationPlatforms) = postSolution
		{71225D08-B56B-4EB2-9084-C96DD059A8E5}.Debug|x64.ActiveCfg = Debug|x64
		{71225D08-B56B-4EB2-9084-C96DD059A8E5}.Debug|x64.Build.0 = Debug|x64
		{71225D08-B56B-4EB2-9084-C96DD059A8E5}.Debug|x86.ActiveCfg = Debug|Win32
		{71225D08-B56B-4EB2-9084-C96DD059A8E5}.Debug|x86.Build.0 = Debug|Win32
		{71225D08-B56B-4EB2-9084-C96DD059A8E5}.Release|x64.ActiveCfg = Release|x64
		{71225D08-B56B-4EB2-9084-C96DD059A8E5}.Release|x64.Build.0 = Release|x64
		{71225D08-B56B-4EB2-9084-C96DD059A8E5}.Release|x86.ActiveCfg = Release|Win32
		{71225D08-B56B-4EB2-9084-C96DD059A8E5}.Release|x86.Build.0 = Release|Win32
	EndGlobalSection
	GlobalSection(SolutionProperties) = preSolution
		HideSolutionNode = FALSE
	EndGlobalSection
	GlobalSection(ExtensibilityGlobals) = postSolution
		SolutionGuid = {EB85690C-BCD9-4BF5-B156-9A2CED121CB6}
	EndGlobalSection
EndGlobal
